
Microsoft Visual Studio Solution File, Format Version 12.00
# Visual Studio Version 16
VisualStudioVersion = 16.0.28803.202
MinimumVisualStudioVersion = 10.0.40219.1
Project("{FAE04EC0-301F-11D3-BF4B-00C04F79EFBC}") = "WebApplication1", "WebApplication1\WebApplication1.csproj", "{FCECAB7A-3B79-45B7-AB63-EF36ADFF88F8}"
EndProject
Global
	GlobalSection(SolutionConfigurationPlatforms) = preSolution
		Debug|Any CPU = Debug|Any CPU
		Release|Any CPU = Release|Any CPU
	EndGlobalSection
	GlobalSection(ProjectConfigurationPlatforms) = postSolution
		{FCECAB7A-3B79-45B7-AB63-EF36ADFF88F8}.Debug|Any CPU.ActiveCfg = Debug|Any CPU
		{FCECAB7A-3B79-45B7-AB63-EF36ADFF88F8}.Debug|Any CPU.Build.0 = Debug|Any CPU
		{FCECAB7A-3B79-45B7-AB63-EF36ADFF88F8}.Release|Any CPU.ActiveCfg = Release|Any CPU
		{FCECAB7A-3B79-45B7-AB63-EF36ADFF88F8}.Release|Any CPU.Build.0 = Release|Any CPU
	EndGlobalSection
	GlobalSection(SolutionProperties) = preSolution
		HideSolutionNode = FALSE
	EndGlobalSection
	GlobalSection(ExtensibilityGlobals) = postSolution
		SolutionGuid = {13EBCF5D-89F0-43BB-BAE8-D5B27ADFAC8B}
	EndGlobalSection
EndGlobal
